{
  "nodes": {
    "flake-parts": {
      "inputs": {
        "nixpkgs-lib": [
          "nixvim",
          "nixpkgs"
        ]
      },
      "locked": {
        "lastModified": 1765835352,
        "narHash": "sha256-XswHlK/Qtjasvhd1nOa1e8MgZ8GS//jBoTqWtrS1Giw=",
        "owner": "hercules-ci",
        "repo": "flake-parts",
        "rev": "a34fae9c08a15ad73f295041fec82323541400a9",
        "type": "github"
      },
      "original": {
        "owner": "hercules-ci",
        "repo": "flake-parts",
        "type": "github"
      }
    },
    "flake-parts_2": {
      "inputs": {
        "nixpkgs-lib": [
          "nur",
          "nixpkgs"
        ]
      },
      "locked": {
        "lastModified": 1733312601,
        "narHash": "sha256-4pDvzqnegAfRkPwO3wmwBhVi/Sye1mzps0zHWYnP88c=",
        "owner": "hercules-ci",
        "repo": "flake-parts",
        "rev": "205b12d8b7cd4802fbcb8e8ef6a0f1408781a4f9",
        "type": "github"
      },
      "original": {
        "owner": "hercules-ci",
        "repo": "flake-parts",
        "type": "github"
      }
    },
    "home-manager": {
      "inputs": {
        "nixpkgs": [
          "nixpkgs"
        ]
      },
      "locked": {
        "lastModified": 1769015285,
        "narHash": "sha256-MlqzCJbckJsgwfkRs64H2xaX2Uxl4o6Z9XYfkYS1N/E=",
        "owner": "nix-community",
        "repo": "home-manager",
        "rev": "ec0247a7a19f641595c24ac1ea4df6461d1cdb36",
        "type": "github"
      },
      "original": {
        "owner": "nix-community",
        "repo": "home-manager",
        "type": "github"
      }
    },
    "niri": {
      "inputs": {
        "niri-stable": "niri-stable",
        "niri-unstable": "niri-unstable",
        "nixpkgs": [
          "nixpkgs"
        ],
        "nixpkgs-stable": "nixpkgs-stable",
        "xwayland-satellite-stable": "xwayland-satellite-stable",
        "xwayland-satellite-unstable": "xwayland-satellite-unstable"
      },
      "locked": {
        "lastModified": 1769012261,
        "narHash": "sha256-js4+Dq9mT8ZvCiK6SbQI5ckvBkxQM4ug+w4Yfnpeuls=",
        "owner": "sodiboo",
        "repo": "niri-flake",
        "rev": "3bd6b28b5a479ca1bb0b643badc887ec9e725fe0",
        "type": "github"
      },
      "original": {
        "owner": "sodiboo",
        "repo": "niri-flake",
        "type": "github"
      }
    },
    "niri-stable": {
      "flake": false,
      "locked": {
        "lastModified": 1756556321,
        "narHash": "sha256-RLD89dfjN0RVO86C/Mot0T7aduCygPGaYbog566F0Qo=",
        "owner": "YaLTeR",
        "repo": "niri",
        "rev": "01be0e65f4eb91a9cd624ac0b76aaeab765c7294",
        "type": "github"
      },
      "original": {
        "owner": "YaLTeR",
        "ref": "v25.08",
        "repo": "niri",
        "type": "github"
      }
    },
    "niri-unstable": {
      "flake": false,
      "locked": {
        "lastModified": 1768678265,
        "narHash": "sha256-Ub8eed4DsfIDWyg30xEe+8bSxL/z5Af/gCjmvJ0V/Hs=",
        "owner": "YaLTeR",
        "repo": "niri",
        "rev": "d7184a04b904e07113f4623610775ae78d32394c",
        "type": "github"
      },
      "original": {
        "owner": "YaLTeR",
        "repo": "niri",
        "type": "github"
      }
    },
    "nixpkgs": {
      "locked": {
        "lastModified": 1768886240,
        "narHash": "sha256-C2TjvwYZ2VDxYWeqvvJ5XPPp6U7H66zeJlRaErJKoEM=",
        "owner": "nixos",
        "repo": "nixpkgs",
        "rev": "80e4adbcf8992d3fd27ad4964fbb84907f9478b0",
        "type": "github"
      },
      "original": {
        "owner": "nixos",
        "ref": "nixos-unstable",
        "repo": "nixpkgs",
        "type": "github"
      }
    },
    "nixpkgs-stable": {
      "locked": {
        "lastModified": 1768940263,
        "narHash": "sha256-sJERJIYTKPFXkoz/gBaBtRKke82h4DkX3BBSsKbfbvI=",
        "owner": "NixOS",
        "repo": "nixpkgs",
        "rev": "3ceaaa8bc963ced4d830e06ea2d0863b6490ff03",
        "type": "github"
      },
      "original": {
        "owner": "NixOS",
        "ref": "nixos-25.11",
        "repo": "nixpkgs",
        "type": "github"
      }
    },
    "nixvim": {
      "inputs": {
        "flake-parts": "flake-parts",
        "nixpkgs": [
          "nixpkgs"
        ],
        "systems": "systems"
      },
      "locked": {
        "lastModified": 1768910181,
        "narHash": "sha256-YRU0IHMzXluZxr0JDfq9jtblb4DV7MIB5wj2jYMFKQc=",
        "owner": "nix-community",
        "repo": "nixvim",
        "rev": "5b138edcb2f1c3ed4b29eca3658f04f0639b98b3",
        "type": "github"
      },
      "original": {
        "owner": "nix-community",
        "repo": "nixvim",
        "type": "github"
      }
    },
    "noctalia": {
      "inputs": {
        "nixpkgs": [
          "nixpkgs"
        ]
      },
      "locked": {
        "lastModified": 1769061591,
        "narHash": "sha256-EjHNed5shDpmldj8RLSiJc3drN7VRpjUGmECG2SI4fo=",
        "owner": "noctalia-dev",
        "repo": "noctalia-shell",
        "rev": "ceb9526fc05df2e9314b2bbe5dc7de0e14f11299",
        "type": "github"
      },
      "original": {
        "owner": "noctalia-dev",
        "repo": "noctalia-shell",
        "type": "github"
      }
    },
    "nur": {
      "inputs": {
        "flake-parts": "flake-parts_2",
        "nixpkgs": [
          "nixpkgs"
        ]
      },
      "locked": {
        "lastModified": 1769078332,
        "narHash": "sha256-HGcok+ambE2zqPI4drMNiCh0PcPTKH5N6fc+VtNq2+E=",
        "owner": "nix-community",
        "repo": "NUR",
        "rev": "f8c8d8aa796715c69b284e93449ac12e33b8dded",
        "type": "github"
      },
      "original": {
        "owner": "nix-community",
        "repo": "NUR",
        "type": "github"
      }
    },
    "root": {
      "inputs": {
        "home-manager": "home-manager",
        "niri": "niri",
        "nixpkgs": "nixpkgs",
        "nixvim": "nixvim",
        "noctalia": "noctalia",
        "nur": "nur",
        "zen-browser": "zen-browser"
      }
    },
    "systems": {
      "locked": {
        "lastModified": 1681028828,
        "narHash": "sha256-Vy1rq5AaRuLzOxct8nz4T6wlgyUR7zLU309k9mBC768=",
        "owner": "nix-systems",
        "repo": "default",
        "rev": "da67096a3b9bf56a91d16901293e51ba5b49a27e",
        "type": "github"
      },
      "original": {
        "owner": "nix-systems",
        "repo": "default",
        "type": "github"
      }
    },
    "xwayland-satellite-stable": {
      "flake": false,
      "locked": {
        "lastModified": 1755491097,
        "narHash": "sha256-m+9tUfsmBeF2Gn4HWa6vSITZ4Gz1eA1F5Kh62B0N4oE=",
        "owner": "Supreeeme",
        "repo": "xwayland-satellite",
        "rev": "388d291e82ffbc73be18169d39470f340707edaa",
        "type": "github"
      },
      "original": {
        "owner": "Supreeeme",
        "ref": "v0.7",
        "repo": "xwayland-satellite",
        "type": "github"
      }
    },
    "xwayland-satellite-unstable": {
      "flake": false,
      "locked": {
        "lastModified": 1768765571,
        "narHash": "sha256-C1JbyJ3ftogmN3vmLNfyPtnJw2wY64TiUTIhFtk1Leg=",
        "owner": "Supreeeme",
        "repo": "xwayland-satellite",
        "rev": "ed1cef792b4def3321ff9ab5479df09609f17a69",
        "type": "github"
      },
      "original": {
        "owner": "Supreeeme",
        "repo": "xwayland-satellite",
        "type": "github"
      }
    },
    "zen-browser": {
      "inputs": {
        "nixpkgs": [
          "nixpkgs"
        ]
      },
      "locked": {
        "lastModified": 1767618227,
        "narHash": "sha256-9+XVF47E9NCVs249SSsDtr7YdG/23/lCJmWAjQvOfqI=",
        "owner": "youwen5",
        "repo": "zen-browser-flake",
        "rev": "1586e49b3908b058e221f11d843eb46392dba17b",
        "type": "github"
      },
      "original": {
        "owner": "youwen5",
        "repo": "zen-browser-flake",
        "type": "github"
      }
    }
  },
  "root": "root",
  "version": 7
}
